
Microsoft Visual Studio Solution File, Format Version 12.00
# Visual Studio Version 16
VisualStudioVersion = 16.0.31019.35
MinimumVisualStudioVersion = 10.0.40219.1
Project("{FAE04EC0-301F-11D3-BF4B-00C04F79EFBC}") = "WebApi", "WebApi\WebApi.csproj", "{1E156064-FEDC-43CF-A5F3-64834DACF393}"
EndProject
Global
	GlobalSection(SolutionConfigurationPlatforms) = preSolution
		Debug|Any CPU = Debug|Any CPU
		Release|Any CPU = Release|Any CPU
	EndGlobalSection
	GlobalSection(ProjectConfigurationPlatforms) = postSolution
		{1E156064-FEDC-43CF-A5F3-64834DACF393}.Debug|Any CPU.ActiveCfg = Debug|Any CPU
		{1E156064-FEDC-43CF-A5F3-64834DACF393}.Debug|Any CPU.Build.0 = Debug|Any CPU
		{1E156064-FEDC-43CF-A5F3-64834DACF393}.Release|Any CPU.ActiveCfg = Release|Any CPU
		{1E156064-FEDC-43CF-A5F3-64834DACF393}.Release|Any CPU.Build.0 = Release|Any CPU
	EndGlobalSection
	GlobalSection(SolutionProperties) = preSolution
		HideSolutionNode = FALSE
	EndGlobalSection
	GlobalSection(ExtensibilityGlobals) = postSolution
		SolutionGuid = {9D044CE1-339A-4FC7-8609-E76F74ADB785}
	EndGlobalSection
EndGlobal
